
Microsoft Visual Studio Solution File, Format Version 12.00
# Visual Studio Version 17
VisualStudioVersion = 17.4.33205.214
MinimumVisualStudioVersion = 10.0.40219.1
Project("{C9674DCB-5085-4A16-B785-4C70DD1589BD}") = "DataPipelineTesting", "DataPipelineTesting\DataPipelineTesting.dtproj", "{629E943E-30DE-4043-9734-1099452E8B1D}"
EndProject
Global
	GlobalSection(SolutionConfigurationPlatforms) = preSolution
		Development|Default = Development|Default
	EndGlobalSection
	GlobalSection(ProjectConfigurationPlatforms) = postSolution
		{629E943E-30DE-4043-9734-1099452E8B1D}.Development|Default.ActiveCfg = Development
		{629E943E-30DE-4043-9734-1099452E8B1D}.Development|Default.Build.0 = Development
	EndGlobalSection
	GlobalSection(SolutionProperties) = preSolution
		HideSolutionNode = FALSE
	EndGlobalSection
	GlobalSection(ExtensibilityGlobals) = postSolution
		SolutionGuid = {2B8914F9-24B9-41A5-AFB2-6CEC60779FE5}
	EndGlobalSection
EndGlobal
